
Microsoft Visual Studio Solution File, Format Version 12.00
# Visual Studio Version 16
VisualStudioVersion = 16.0.30114.105
MinimumVisualStudioVersion = 10.0.40219.1
Project("{2150E333-8FDC-42A3-9474-1A3956D46DE8}") = "Nested Statements", "Nested Statements", "{A05B44FE-8E88-4441-921A-D6E39D3A998B}"
EndProject
Project("{9A19103F-16F7-4668-BE54-9A1E7A4F7556}") = "CoordinatesInside", "Nested Statements\Coordinates\CoordinatesInside.csproj", "{39F0622F-380E-4835-882C-86E42DE9C3D9}"
EndProject
Project("{9A19103F-16F7-4668-BE54-9A1E7A4F7556}") = "CoordinatesOutside", "Nested Statements\CoordinatesOutside\CoordinatesOutside.csproj", "{83B1D9B3-F531-41EE-B6AB-F589E5A700E1}"
EndProject
Project("{9A19103F-16F7-4668-BE54-9A1E7A4F7556}") = "FoodChecker", "Nested Statements\FoodChecker\FoodChecker.csproj", "{C6EA260D-C218-4913-A2B3-D91A5BB7958D}"
EndProject
Project("{9A19103F-16F7-4668-BE54-9A1E7A4F7556}") = "FoodPricing", "Nested Statements\FoodPricing\FoodPricing.csproj", "{1D7C3C6E-0858-440A-AF1D-D98789D02CA4}"
EndProject
Project("{2150E333-8FDC-42A3-9474-1A3956D46DE8}") = "Simple Logical Operations", "Simple Logical Operations", "{1FAC2C90-2F73-42B0-BA37-2C56A46A27E4}"
EndProject
Project("{9A19103F-16F7-4668-BE54-9A1E7A4F7556}") = "Seconds", "Simple Logical Operations\Seconds\Seconds.csproj", "{380CC570-F1DE-4E39-9DF2-7EE6384D6827}"
EndProject
Project("{9A19103F-16F7-4668-BE54-9A1E7A4F7556}") = "Title", "Simple Logical Operations\Title\Title.csproj", "{9B1D0DBF-03D8-47EE-A49D-09B9D7582076}"
EndProject
Project("{9A19103F-16F7-4668-BE54-9A1E7A4F7556}") = "InvalidNumber", "Nested Statements\InvalidNumber\InvalidNumber.csproj", "{AB7DE86D-A21D-4FEA-AB38-6459FE9B6E6A}"
EndProject
Project("{2150E333-8FDC-42A3-9474-1A3956D46DE8}") = "SimpleLoops", "SimpleLoops", "{9DD5DEC4-5A7C-4177-AC26-6F18738FC1B4}"
EndProject
Project("{2150E333-8FDC-42A3-9474-1A3956D46DE8}") = "DrawingWithLoops", "DrawingWithLoops", "{329051BF-2D49-45CA-A677-03EF6D057D21}"
EndProject
Project("{9A19103F-16F7-4668-BE54-9A1E7A4F7556}") = "EqualSums", "SimpleLoops\EqualSums\EqualSums.csproj", "{70AE5ACD-1B33-4B27-9F08-EE6A5D20FF01}"
EndProject
Project("{9A19103F-16F7-4668-BE54-9A1E7A4F7556}") = "LeftAndRightSum", "SimpleLoops\LeftAndRightSum\LeftAndRightSum.csproj", "{9926B910-4412-479B-853A-A0ABBCDFA57D}"
EndProject
Project("{9A19103F-16F7-4668-BE54-9A1E7A4F7556}") = "LoopPractise", "SimpleLoops\LoopIfStatement\LoopPractise.csproj", "{ED1DC460-37C4-476E-831F-9056B8348F8E}"
EndProject
Project("{9A19103F-16F7-4668-BE54-9A1E7A4F7556}") = "FirstLoop", "SimpleLoops\SimpleLoops\FirstLoop.csproj", "{99DC68FF-35CA-47B1-98B7-33DF34C5DFFC}"
EndProject
Project("{9A19103F-16F7-4668-BE54-9A1E7A4F7556}") = "SumOfString", "SimpleLoops\SumOfString\SumOfString.csproj", "{E90C1F25-8876-4B0D-8E03-1C08F575D542}"
EndProject
Project("{9A19103F-16F7-4668-BE54-9A1E7A4F7556}") = "NestedForLoops", "DrawingWithLoops\NestedForLoops\NestedForLoops.csproj", "{B6B2594B-4524-4772-B09E-98D14FD9FFF8}"
EndProject
Project("{9A19103F-16F7-4668-BE54-9A1E7A4F7556}") = "WritingLoopsExcersise", "DrawingWithLoops\WritingLoopsExcersise\WritingLoopsExcersise.csproj", "{345ECF38-92C5-4C71-864E-3908935681E8}"
EndProject
Project("{FAE04EC0-301F-11D3-BF4B-00C04F79EFBC}") = "RombDrawing", "DrawingWithLoops\RombDrawing\RombDrawing\RombDrawing.csproj", "{EB9F1D9B-5994-4B11-96ED-E426EDE4694F}"
EndProject
Project("{FAE04EC0-301F-11D3-BF4B-00C04F79EFBC}") = "ChristmasTree", "DrawingWithLoops\ChristmasTree\ChristmasTree\ChristmasTree.csproj", "{F65587F8-F159-4227-8F93-E87B5EA764AE}"
EndProject
Global
	GlobalSection(SolutionConfigurationPlatforms) = preSolution
		Debug|Any CPU = Debug|Any CPU
		Release|Any CPU = Release|Any CPU
	EndGlobalSection
	GlobalSection(ProjectConfigurationPlatforms) = postSolution
		{39F0622F-380E-4835-882C-86E42DE9C3D9}.Debug|Any CPU.ActiveCfg = Debug|Any CPU
		{39F0622F-380E-4835-882C-86E42DE9C3D9}.Debug|Any CPU.Build.0 = Debug|Any CPU
		{39F0622F-380E-4835-882C-86E42DE9C3D9}.Release|Any CPU.ActiveCfg = Release|Any CPU
		{39F0622F-380E-4835-882C-86E42DE9C3D9}.Release|Any CPU.Build.0 = Release|Any CPU
		{83B1D9B3-F531-41EE-B6AB-F589E5A700E1}.Debug|Any CPU.ActiveCfg = Debug|Any CPU
		{83B1D9B3-F531-41EE-B6AB-F589E5A700E1}.Debug|Any CPU.Build.0 = Debug|Any CPU
		{83B1D9B3-F531-41EE-B6AB-F589E5A700E1}.Release|Any CPU.ActiveCfg = Release|Any CPU
		{83B1D9B3-F531-41EE-B6AB-F589E5A700E1}.Release|Any CPU.Build.0 = Release|Any CPU
		{C6EA260D-C218-4913-A2B3-D91A5BB7958D}.Debug|Any CPU.ActiveCfg = Debug|Any CPU
		{C6EA260D-C218-4913-A2B3-D91A5BB7958D}.Debug|Any CPU.Build.0 = Debug|Any CPU
		{C6EA260D-C218-4913-A2B3-D91A5BB7958D}.Release|Any CPU.ActiveCfg = Release|Any CPU
		{C6EA260D-C218-4913-A2B3-D91A5BB7958D}.Release|Any CPU.Build.0 = Release|Any CPU
		{1D7C3C6E-0858-440A-AF1D-D98789D02CA4}.Debug|Any CPU.ActiveCfg = Debug|Any CPU
		{1D7C3C6E-0858-440A-AF1D-D98789D02CA4}.Debug|Any CPU.Build.0 = Debug|Any CPU
		{1D7C3C6E-0858-440A-AF1D-D98789D02CA4}.Release|Any CPU.ActiveCfg = Release|Any CPU
		{1D7C3C6E-0858-440A-AF1D-D98789D02CA4}.Release|Any CPU.Build.0 = Release|Any CPU
		{380CC570-F1DE-4E39-9DF2-7EE6384D6827}.Debug|Any CPU.ActiveCfg = Debug|Any CPU
		{380CC570-F1DE-4E39-9DF2-7EE6384D6827}.Debug|Any CPU.Build.0 = Debug|Any CPU
		{380CC570-F1DE-4E39-9DF2-7EE6384D6827}.Release|Any CPU.ActiveCfg = Release|Any CPU
		{380CC570-F1DE-4E39-9DF2-7EE6384D6827}.Release|Any CPU.Build.0 = Release|Any CPU
		{9B1D0DBF-03D8-47EE-A49D-09B9D7582076}.Debug|Any CPU.ActiveCfg = Debug|Any CPU
		{9B1D0DBF-03D8-47EE-A49D-09B9D7582076}.Debug|Any CPU.Build.0 = Debug|Any CPU
		{9B1D0DBF-03D8-47EE-A49D-09B9D7582076}.Release|Any CPU.ActiveCfg = Release|Any CPU
		{9B1D0DBF-03D8-47EE-A49D-09B9D7582076}.Release|Any CPU.Build.0 = Release|Any CPU
		{AB7DE86D-A21D-4FEA-AB38-6459FE9B6E6A}.Debug|Any CPU.ActiveCfg = Debug|Any CPU
		{AB7DE86D-A21D-4FEA-AB38-6459FE9B6E6A}.Debug|Any CPU.Build.0 = Debug|Any CPU
		{AB7DE86D-A21D-4FEA-AB38-6459FE9B6E6A}.Release|Any CPU.ActiveCfg = Release|Any CPU
		{AB7DE86D-A21D-4FEA-AB38-6459FE9B6E6A}.Release|Any CPU.Build.0 = Release|Any CPU
		{70AE5ACD-1B33-4B27-9F08-EE6A5D20FF01}.Debug|Any CPU.ActiveCfg = Debug|Any CPU
		{70AE5ACD-1B33-4B27-9F08-EE6A5D20FF01}.Debug|Any CPU.Build.0 = Debug|Any CPU
		{70AE5ACD-1B33-4B27-9F08-EE6A5D20FF01}.Release|Any CPU.ActiveCfg = Release|Any CPU
		{70AE5ACD-1B33-4B27-9F08-EE6A5D20FF01}.Release|Any CPU.Build.0 = Release|Any CPU
		{9926B910-4412-479B-853A-A0ABBCDFA57D}.Debug|Any CPU.ActiveCfg = Debug|Any CPU
		{9926B910-4412-479B-853A-A0ABBCDFA57D}.Debug|Any CPU.Build.0 = Debug|Any CPU
		{9926B910-4412-479B-853A-A0ABBCDFA57D}.Release|Any CPU.ActiveCfg = Release|Any CPU
		{9926B910-4412-479B-853A-A0ABBCDFA57D}.Release|Any CPU.Build.0 = Release|Any CPU
		{ED1DC460-37C4-476E-831F-9056B8348F8E}.Debug|Any CPU.ActiveCfg = Debug|Any CPU
		{ED1DC460-37C4-476E-831F-9056B8348F8E}.Debug|Any CPU.Build.0 = Debug|Any CPU
		{ED1DC460-37C4-476E-831F-9056B8348F8E}.Release|Any CPU.ActiveCfg = Release|Any CPU
		{ED1DC460-37C4-476E-831F-9056B8348F8E}.Release|Any CPU.Build.0 = Release|Any CPU
		{99DC68FF-35CA-47B1-98B7-33DF34C5DFFC}.Debug|Any CPU.ActiveCfg = Debug|Any CPU
		{99DC68FF-35CA-47B1-98B7-33DF34C5DFFC}.Debug|Any CPU.Build.0 = Debug|Any CPU
		{99DC68FF-35CA-47B1-98B7-33DF34C5DFFC}.Release|Any CPU.ActiveCfg = Release|Any CPU
		{99DC68FF-35CA-47B1-98B7-33DF34C5DFFC}.Release|Any CPU.Build.0 = Release|Any CPU
		{E90C1F25-8876-4B0D-8E03-1C08F575D542}.Debug|Any CPU.ActiveCfg = Debug|Any CPU
		{E90C1F25-8876-4B0D-8E03-1C08F575D542}.Debug|Any CPU.Build.0 = Debug|Any CPU
		{E90C1F25-8876-4B0D-8E03-1C08F575D542}.Release|Any CPU.ActiveCfg = Release|Any CPU
		{E90C1F25-8876-4B0D-8E03-1C08F575D542}.Release|Any CPU.Build.0 = Release|Any CPU
		{B6B2594B-4524-4772-B09E-98D14FD9FFF8}.Debug|Any CPU.ActiveCfg = Debug|Any CPU
		{B6B2594B-4524-4772-B09E-98D14FD9FFF8}.Debug|Any CPU.Build.0 = Debug|Any CPU
		{B6B2594B-4524-4772-B09E-98D14FD9FFF8}.Release|Any CPU.ActiveCfg = Release|Any CPU
		{B6B2594B-4524-4772-B09E-98D14FD9FFF8}.Release|Any CPU.Build.0 = Release|Any CPU
		{345ECF38-92C5-4C71-864E-3908935681E8}.Debug|Any CPU.ActiveCfg = Debug|Any CPU
		{345ECF38-92C5-4C71-864E-3908935681E8}.Debug|Any CPU.Build.0 = Debug|Any CPU
		{345ECF38-92C5-4C71-864E-3908935681E8}.Release|Any CPU.ActiveCfg = Release|Any CPU
		{345ECF38-92C5-4C71-864E-3908935681E8}.Release|Any CPU.Build.0 = Release|Any CPU
		{EB9F1D9B-5994-4B11-96ED-E426EDE4694F}.Debug|Any CPU.ActiveCfg = Debug|Any CPU
		{EB9F1D9B-5994-4B11-96ED-E426EDE4694F}.Debug|Any CPU.Build.0 = Debug|Any CPU
		{EB9F1D9B-5994-4B11-96ED-E426EDE4694F}.Release|Any CPU.ActiveCfg = Release|Any CPU
		{EB9F1D9B-5994-4B11-96ED-E426EDE4694F}.Release|Any CPU.Build.0 = Release|Any CPU
		{F65587F8-F159-4227-8F93-E87B5EA764AE}.Debug|Any CPU.ActiveCfg = Debug|Any CPU
		{F65587F8-F159-4227-8F93-E87B5EA764AE}.Debug|Any CPU.Build.0 = Debug|Any CPU
		{F65587F8-F159-4227-8F93-E87B5EA764AE}.Release|Any CPU.ActiveCfg = Release|Any CPU
		{F65587F8-F159-4227-8F93-E87B5EA764AE}.Release|Any CPU.Build.0 = Release|Any CPU
	EndGlobalSection
	GlobalSection(SolutionProperties) = preSolution
		HideSolutionNode = FALSE
	EndGlobalSection
	GlobalSection(NestedProjects) = preSolution
		{39F0622F-380E-4835-882C-86E42DE9C3D9} = {A05B44FE-8E88-4441-921A-D6E39D3A998B}
		{83B1D9B3-F531-41EE-B6AB-F589E5A700E1} = {A05B44FE-8E88-4441-921A-D6E39D3A998B}
		{C6EA260D-C218-4913-A2B3-D91A5BB7958D} = {A05B44FE-8E88-4441-921A-D6E39D3A998B}
		{1D7C3C6E-0858-440A-AF1D-D98789D02CA4} = {A05B44FE-8E88-4441-921A-D6E39D3A998B}
		{380CC570-F1DE-4E39-9DF2-7EE6384D6827} = {1FAC2C90-2F73-42B0-BA37-2C56A46A27E4}
		{9B1D0DBF-03D8-47EE-A49D-09B9D7582076} = {1FAC2C90-2F73-42B0-BA37-2C56A46A27E4}
		{AB7DE86D-A21D-4FEA-AB38-6459FE9B6E6A} = {A05B44FE-8E88-4441-921A-D6E39D3A998B}
		{70AE5ACD-1B33-4B27-9F08-EE6A5D20FF01} = {9DD5DEC4-5A7C-4177-AC26-6F18738FC1B4}
		{9926B910-4412-479B-853A-A0ABBCDFA57D} = {9DD5DEC4-5A7C-4177-AC26-6F18738FC1B4}
		{ED1DC460-37C4-476E-831F-9056B8348F8E} = {9DD5DEC4-5A7C-4177-AC26-6F18738FC1B4}
		{99DC68FF-35CA-47B1-98B7-33DF34C5DFFC} = {9DD5DEC4-5A7C-4177-AC26-6F18738FC1B4}
		{E90C1F25-8876-4B0D-8E03-1C08F575D542} = {9DD5DEC4-5A7C-4177-AC26-6F18738FC1B4}
		{B6B2594B-4524-4772-B09E-98D14FD9FFF8} = {329051BF-2D49-45CA-A677-03EF6D057D21}
		{345ECF38-92C5-4C71-864E-3908935681E8} = {329051BF-2D49-45CA-A677-03EF6D057D21}
		{EB9F1D9B-5994-4B11-96ED-E426EDE4694F} = {329051BF-2D49-45CA-A677-03EF6D057D21}
		{F65587F8-F159-4227-8F93-E87B5EA764AE} = {329051BF-2D49-45CA-A677-03EF6D057D21}
	EndGlobalSection
	GlobalSection(ExtensibilityGlobals) = postSolution
		SolutionGuid = {92ED277A-6D95-4279-A079-2DF0A665C2C9}
	EndGlobalSection
EndGlobal
