
Microsoft Visual Studio Solution File, Format Version 12.00
# Visual Studio Version 16
VisualStudioVersion = 16.0.30114.105
MinimumVisualStudioVersion = 10.0.40219.1
Project("{2150E333-8FDC-42A3-9474-1A3956D46DE8}") = "Data_Types_and_Variables", "Data_Types_and_Variables", "{50F638A6-6C5C-4E64-9513-C18E91AE3867}"
EndProject
Project("{9A19103F-16F7-4668-BE54-9A1E7A4F7556}") = "Centuries_to_Minutes", "Data Types and Variables\Centuries_to_Minutes\Centuries_to_Minutes.csproj", "{5566CCD3-E9A1-4CEF-AA1B-D5955E22CCE5}"
EndProject
Project("{9A19103F-16F7-4668-BE54-9A1E7A4F7556}") = "Circle_Area_(Precision 12)", "Data Types and Variables\Circle_Area_(Precision 12)\Circle_Area_(Precision 12).csproj", "{EED84F71-BDF5-4C86-A5B6-07FEA9E6C22B}"
EndProject
Project("{9A19103F-16F7-4668-BE54-9A1E7A4F7556}") = "Exact_Sum_of_Real_Numbers", "Data Types and Variables\Exact_Sum_of_Real_Numbers\Exact_Sum_of_Real_Numbers.csproj", "{2C20E1B4-450F-4C8B-960B-DE8263E1C966}"
EndProject
Project("{9A19103F-16F7-4668-BE54-9A1E7A4F7556}") = "Elevator", "Data Types and Variables\Elevator\Elevator.csproj", "{1338B768-453A-48FD-877A-89EFAA5EB135}"
EndProject
Project("{9A19103F-16F7-4668-BE54-9A1E7A4F7556}") = "Special_Numbers", "Data Types and Variables\Special_Numbers\Special_Numbers.csproj", "{DBA59184-D388-403B-975C-5E3C7D8E0E03}"
EndProject
Project("{9A19103F-16F7-4668-BE54-9A1E7A4F7556}") = "Triples_of_Letters", "Data Types and Variables\Triples_of_Letters\Triples_of_Letters.csproj", "{4525B256-2A71-45EB-8944-5921E812C8BB}"
EndProject
Project("{9A19103F-16F7-4668-BE54-9A1E7A4F7556}") = "Greeting", "Data Types and Variables\Greeting\Greeting.csproj", "{9EA20615-C089-41F2-A31D-90A6C3379D05}"
EndProject
Project("{9A19103F-16F7-4668-BE54-9A1E7A4F7556}") = "Filled_Square", "Data Types and Variables\Filled_Square\Filled_Square.csproj", "{BE64FD85-B2CD-4500-B87E-15ED52342AA0}"
EndProject
Project("{2150E333-8FDC-42A3-9474-1A3956D46DE8}") = "Massives_(Arrays)", "Massives_(Arrays)", "{F7FCB5D6-986B-4E41-9274-CBB83F65DDB8}"
EndProject
Project("{9A19103F-16F7-4668-BE54-9A1E7A4F7556}") = "Day_Of_Week", "Massives (Arrays)\Day_Of_Week\Day_Of_Week.csproj", "{7ACEBB2E-A526-4FC4-808E-2E516F571CAE}"
EndProject
Project("{9A19103F-16F7-4668-BE54-9A1E7A4F7556}") = "Sieve_of_Eratosthenes", "Massives (Arrays)\Sieve_of_Eratosthenes\Sieve_of_Eratosthenes.csproj", "{44D0CF26-8381-4FAD-972F-3ED89EA29DC8}"
EndProject
Project("{9A19103F-16F7-4668-BE54-9A1E7A4F7556}") = "Last_K_Numbers_Sums", "Massives (Arrays)\Last_K_Numbers_Sums\Last_K_Numbers_Sums.csproj", "{A0C5CFA8-AC90-4C38-B458-46182E8516D0}"
EndProject
Project("{9A19103F-16F7-4668-BE54-9A1E7A4F7556}") = "Triple_Sum", "Massives (Arrays)\Triple_Sum\Triple_Sum.csproj", "{30D4102E-DD32-4C32-A8F7-83C405F034BD}"
EndProject
Project("{9A19103F-16F7-4668-BE54-9A1E7A4F7556}") = "Triple_Sum_Contains", "Massives (Arrays)\Triple_Sum_Contains\Triple_Sum_Contains.csproj", "{1949F03B-511F-4321-AB3F-A9956E59B10D}"
EndProject
Project("{9A19103F-16F7-4668-BE54-9A1E7A4F7556}") = "Rounding_Numbers", "Massives (Arrays)\Rounding_Numbers\Rounding_Numbers.csproj", "{F4C20792-4B60-40A4-BE0C-D26791090DD3}"
EndProject
Project("{9A19103F-16F7-4668-BE54-9A1E7A4F7556}") = "Reverse_Array", "Massives (Arrays)\Reverse_Array\Reverse_Array.csproj", "{1AED8AB9-B45A-474C-846E-4899A38D2AD0}"
EndProject
Project("{9A19103F-16F7-4668-BE54-9A1E7A4F7556}") = "Sum_Arrays", "Massives (Arrays)\Sum_Arrays\Sum_Arrays.csproj", "{C2DB2947-C9B1-4BD2-8DB2-81BFA6120604}"
EndProject
Project("{2150E333-8FDC-42A3-9474-1A3956D46DE8}") = "Lists_And_Matrices", "Lists_And_Matrices", "{091B9111-0C51-4166-A253-FCA65C859ED4}"
EndProject
Project("{9A19103F-16F7-4668-BE54-9A1E7A4F7556}") = "Remove_Negatives_and_Reverse", "Lists and Matrices\Remove_Negatives_and_Reverse\Remove_Negatives_and_Reverse.csproj", "{05D82FE9-EAA6-4380-B4D1-801D8DFC16A0}"
EndProject
Project("{9A19103F-16F7-4668-BE54-9A1E7A4F7556}") = "Append_Lists", "Lists and Matrices\Append_Lists\Append_Lists.csproj", "{72B3F289-24F3-4B4A-8BDE-191D617AF55A}"
EndProject
Project("{9A19103F-16F7-4668-BE54-9A1E7A4F7556}") = "Sum_Adjacent_Equal_Numbers", "Lists and Matrices\Sum_Adjacent_Equal_Numbers\Sum_Adjacent_Equal_Numbers.csproj", "{1042AD33-B0B3-4AB1-84F7-56E18F8A6061}"
EndProject
Project("{9A19103F-16F7-4668-BE54-9A1E7A4F7556}") = "Split_by_Word_Casing", "Lists and Matrices\Split_by_Word_Casing\Split_by_Word_Casing.csproj", "{188D4D73-4842-4237-9F19-009529E29208}"
EndProject
Project("{9A19103F-16F7-4668-BE54-9A1E7A4F7556}") = "Sort_Numbers", "Lists and Matrices\Sort_Numbers\Sort_Numbers.csproj", "{AF09C1BC-3EA5-419A-8AA6-83CD753D8AE3}"
EndProject
Project("{9A19103F-16F7-4668-BE54-9A1E7A4F7556}") = "Count_Numbers", "Lists and Matrices\Count_Numbers\Count_Numbers.csproj", "{DB40A7A7-CC46-4BF7-A6F8-F05353662AE0}"
EndProject
Project("{9A19103F-16F7-4668-BE54-9A1E7A4F7556}") = "Build_a_Matrix_of_Letters", "Lists and Matrices\Build_a_Matrix_of_Letters\Build_a_Matrix_of_Letters.csproj", "{92D3859D-B3E8-4908-A545-9D647D2BDCE1}"
EndProject
Project("{9A19103F-16F7-4668-BE54-9A1E7A4F7556}") = "Max_Sequence_of_Equal_Elements", "Lists and Matrices\Max_Sequence_of_Equal_Elements\Max_Sequence_of_Equal_Elements.csproj", "{0218EC78-0C41-4235-9439-17D14657BDBC}"
EndProject
Project("{2150E333-8FDC-42A3-9474-1A3956D46DE8}") = "Strings, Dictionaries, Lambda and LINQ", "Strings, Dictionaries, Lambda and LINQ", "{64F6C1AF-16E5-4415-B8F8-39B511939680}"
EndProject
Project("{9A19103F-16F7-4668-BE54-9A1E7A4F7556}") = "Print_String_Letters", "Strings, Dictionaries, Lambda and LINQ\Print_String_Letters\Print_String_Letters.csproj", "{055C0E44-38FA-4B1B-9E5E-E40D2574C7E6}"
EndProject
Project("{9A19103F-16F7-4668-BE54-9A1E7A4F7556}") = "Count_Letters_in_String", "Strings, Dictionaries, Lambda and LINQ\Count_Letters_in_String\Count_Letters_in_String.csproj", "{45216617-DCD2-44D6-944A-C8C51C92AE53}"
EndProject
Project("{9A19103F-16F7-4668-BE54-9A1E7A4F7556}") = "Print_a_Receipt", "Strings, Dictionaries, Lambda and LINQ\Print_a_Receipt\Print_a_Receipt.csproj", "{FE19943A-29BD-40D4-9988-7B4E6CC45147}"
EndProject
Project("{9A19103F-16F7-4668-BE54-9A1E7A4F7556}") = "Count_Occurrences_in_String", "Strings, Dictionaries, Lambda and LINQ\Count_Occurrences_in_String\Count_Occurrences_in_String.csproj", "{8347D370-EC7F-4F69-A38E-E2699A08C802}"
EndProject
Project("{9A19103F-16F7-4668-BE54-9A1E7A4F7556}") = "Change_Forbidden_Substrings", "Strings, Dictionaries, Lambda and LINQ\Change_Forbidden_Substrings\Change_Forbidden_Substrings.csproj", "{ED22B6A5-C106-4062-8CBA-8AE655754F8E}"
EndProject
Project("{9A19103F-16F7-4668-BE54-9A1E7A4F7556}") = "Count_Real_Numbers", "Strings, Dictionaries, Lambda and LINQ\Count_Real_Numbers\Count_Real_Numbers.csproj", "{112CEBFF-2F74-4FE5-9AEE-10BD63470F39}"
EndProject
Project("{FAE04EC0-301F-11D3-BF4B-00C04F79EFBC}") = "Check_Word_Repeat", "Strings, Dictionaries, Lambda and LINQ\Check_Word_Repeat\Check_Word_Repeat.csproj", "{D65979F9-3C73-4879-AEB1-512E64E77A6D}"
EndProject
Global
	GlobalSection(SolutionConfigurationPlatforms) = preSolution
		Debug|Any CPU = Debug|Any CPU
		Release|Any CPU = Release|Any CPU
	EndGlobalSection
	GlobalSection(ProjectConfigurationPlatforms) = postSolution
		{5566CCD3-E9A1-4CEF-AA1B-D5955E22CCE5}.Debug|Any CPU.ActiveCfg = Debug|Any CPU
		{5566CCD3-E9A1-4CEF-AA1B-D5955E22CCE5}.Debug|Any CPU.Build.0 = Debug|Any CPU
		{5566CCD3-E9A1-4CEF-AA1B-D5955E22CCE5}.Release|Any CPU.ActiveCfg = Release|Any CPU
		{5566CCD3-E9A1-4CEF-AA1B-D5955E22CCE5}.Release|Any CPU.Build.0 = Release|Any CPU
		{EED84F71-BDF5-4C86-A5B6-07FEA9E6C22B}.Debug|Any CPU.ActiveCfg = Debug|Any CPU
		{EED84F71-BDF5-4C86-A5B6-07FEA9E6C22B}.Debug|Any CPU.Build.0 = Debug|Any CPU
		{EED84F71-BDF5-4C86-A5B6-07FEA9E6C22B}.Release|Any CPU.ActiveCfg = Release|Any CPU
		{EED84F71-BDF5-4C86-A5B6-07FEA9E6C22B}.Release|Any CPU.Build.0 = Release|Any CPU
		{2C20E1B4-450F-4C8B-960B-DE8263E1C966}.Debug|Any CPU.ActiveCfg = Debug|Any CPU
		{2C20E1B4-450F-4C8B-960B-DE8263E1C966}.Debug|Any CPU.Build.0 = Debug|Any CPU
		{2C20E1B4-450F-4C8B-960B-DE8263E1C966}.Release|Any CPU.ActiveCfg = Release|Any CPU
		{2C20E1B4-450F-4C8B-960B-DE8263E1C966}.Release|Any CPU.Build.0 = Release|Any CPU
		{1338B768-453A-48FD-877A-89EFAA5EB135}.Debug|Any CPU.ActiveCfg = Debug|Any CPU
		{1338B768-453A-48FD-877A-89EFAA5EB135}.Debug|Any CPU.Build.0 = Debug|Any CPU
		{1338B768-453A-48FD-877A-89EFAA5EB135}.Release|Any CPU.ActiveCfg = Release|Any CPU
		{1338B768-453A-48FD-877A-89EFAA5EB135}.Release|Any CPU.Build.0 = Release|Any CPU
		{DBA59184-D388-403B-975C-5E3C7D8E0E03}.Debug|Any CPU.ActiveCfg = Debug|Any CPU
		{DBA59184-D388-403B-975C-5E3C7D8E0E03}.Debug|Any CPU.Build.0 = Debug|Any CPU
		{DBA59184-D388-403B-975C-5E3C7D8E0E03}.Release|Any CPU.ActiveCfg = Release|Any CPU
		{DBA59184-D388-403B-975C-5E3C7D8E0E03}.Release|Any CPU.Build.0 = Release|Any CPU
		{4525B256-2A71-45EB-8944-5921E812C8BB}.Debug|Any CPU.ActiveCfg = Debug|Any CPU
		{4525B256-2A71-45EB-8944-5921E812C8BB}.Debug|Any CPU.Build.0 = Debug|Any CPU
		{4525B256-2A71-45EB-8944-5921E812C8BB}.Release|Any CPU.ActiveCfg = Release|Any CPU
		{4525B256-2A71-45EB-8944-5921E812C8BB}.Release|Any CPU.Build.0 = Release|Any CPU
		{9EA20615-C089-41F2-A31D-90A6C3379D05}.Debug|Any CPU.ActiveCfg = Debug|Any CPU
		{9EA20615-C089-41F2-A31D-90A6C3379D05}.Debug|Any CPU.Build.0 = Debug|Any CPU
		{9EA20615-C089-41F2-A31D-90A6C3379D05}.Release|Any CPU.ActiveCfg = Release|Any CPU
		{9EA20615-C089-41F2-A31D-90A6C3379D05}.Release|Any CPU.Build.0 = Release|Any CPU
		{BE64FD85-B2CD-4500-B87E-15ED52342AA0}.Debug|Any CPU.ActiveCfg = Debug|Any CPU
		{BE64FD85-B2CD-4500-B87E-15ED52342AA0}.Debug|Any CPU.Build.0 = Debug|Any CPU
		{BE64FD85-B2CD-4500-B87E-15ED52342AA0}.Release|Any CPU.ActiveCfg = Release|Any CPU
		{BE64FD85-B2CD-4500-B87E-15ED52342AA0}.Release|Any CPU.Build.0 = Release|Any CPU
		{7ACEBB2E-A526-4FC4-808E-2E516F571CAE}.Debug|Any CPU.ActiveCfg = Debug|Any CPU
		{7ACEBB2E-A526-4FC4-808E-2E516F571CAE}.Debug|Any CPU.Build.0 = Debug|Any CPU
		{7ACEBB2E-A526-4FC4-808E-2E516F571CAE}.Release|Any CPU.ActiveCfg = Release|Any CPU
		{7ACEBB2E-A526-4FC4-808E-2E516F571CAE}.Release|Any CPU.Build.0 = Release|Any CPU
		{44D0CF26-8381-4FAD-972F-3ED89EA29DC8}.Debug|Any CPU.ActiveCfg = Debug|Any CPU
		{44D0CF26-8381-4FAD-972F-3ED89EA29DC8}.Debug|Any CPU.Build.0 = Debug|Any CPU
		{44D0CF26-8381-4FAD-972F-3ED89EA29DC8}.Release|Any CPU.ActiveCfg = Release|Any CPU
		{44D0CF26-8381-4FAD-972F-3ED89EA29DC8}.Release|Any CPU.Build.0 = Release|Any CPU
		{A0C5CFA8-AC90-4C38-B458-46182E8516D0}.Debug|Any CPU.ActiveCfg = Debug|Any CPU
		{A0C5CFA8-AC90-4C38-B458-46182E8516D0}.Debug|Any CPU.Build.0 = Debug|Any CPU
		{A0C5CFA8-AC90-4C38-B458-46182E8516D0}.Release|Any CPU.ActiveCfg = Release|Any CPU
		{A0C5CFA8-AC90-4C38-B458-46182E8516D0}.Release|Any CPU.Build.0 = Release|Any CPU
		{30D4102E-DD32-4C32-A8F7-83C405F034BD}.Debug|Any CPU.ActiveCfg = Debug|Any CPU
		{30D4102E-DD32-4C32-A8F7-83C405F034BD}.Debug|Any CPU.Build.0 = Debug|Any CPU
		{30D4102E-DD32-4C32-A8F7-83C405F034BD}.Release|Any CPU.ActiveCfg = Release|Any CPU
		{30D4102E-DD32-4C32-A8F7-83C405F034BD}.Release|Any CPU.Build.0 = Release|Any CPU
		{1949F03B-511F-4321-AB3F-A9956E59B10D}.Debug|Any CPU.ActiveCfg = Debug|Any CPU
		{1949F03B-511F-4321-AB3F-A9956E59B10D}.Debug|Any CPU.Build.0 = Debug|Any CPU
		{1949F03B-511F-4321-AB3F-A9956E59B10D}.Release|Any CPU.ActiveCfg = Release|Any CPU
		{1949F03B-511F-4321-AB3F-A9956E59B10D}.Release|Any CPU.Build.0 = Release|Any CPU
		{F4C20792-4B60-40A4-BE0C-D26791090DD3}.Debug|Any CPU.ActiveCfg = Debug|Any CPU
		{F4C20792-4B60-40A4-BE0C-D26791090DD3}.Debug|Any CPU.Build.0 = Debug|Any CPU
		{F4C20792-4B60-40A4-BE0C-D26791090DD3}.Release|Any CPU.ActiveCfg = Release|Any CPU
		{F4C20792-4B60-40A4-BE0C-D26791090DD3}.Release|Any CPU.Build.0 = Release|Any CPU
		{1AED8AB9-B45A-474C-846E-4899A38D2AD0}.Debug|Any CPU.ActiveCfg = Debug|Any CPU
		{1AED8AB9-B45A-474C-846E-4899A38D2AD0}.Debug|Any CPU.Build.0 = Debug|Any CPU
		{1AED8AB9-B45A-474C-846E-4899A38D2AD0}.Release|Any CPU.ActiveCfg = Release|Any CPU
		{1AED8AB9-B45A-474C-846E-4899A38D2AD0}.Release|Any CPU.Build.0 = Release|Any CPU
		{C2DB2947-C9B1-4BD2-8DB2-81BFA6120604}.Debug|Any CPU.ActiveCfg = Debug|Any CPU
		{C2DB2947-C9B1-4BD2-8DB2-81BFA6120604}.Debug|Any CPU.Build.0 = Debug|Any CPU
		{C2DB2947-C9B1-4BD2-8DB2-81BFA6120604}.Release|Any CPU.ActiveCfg = Release|Any CPU
		{C2DB2947-C9B1-4BD2-8DB2-81BFA6120604}.Release|Any CPU.Build.0 = Release|Any CPU
		{05D82FE9-EAA6-4380-B4D1-801D8DFC16A0}.Debug|Any CPU.ActiveCfg = Debug|Any CPU
		{05D82FE9-EAA6-4380-B4D1-801D8DFC16A0}.Debug|Any CPU.Build.0 = Debug|Any CPU
		{05D82FE9-EAA6-4380-B4D1-801D8DFC16A0}.Release|Any CPU.ActiveCfg = Release|Any CPU
		{05D82FE9-EAA6-4380-B4D1-801D8DFC16A0}.Release|Any CPU.Build.0 = Release|Any CPU
		{72B3F289-24F3-4B4A-8BDE-191D617AF55A}.Debug|Any CPU.ActiveCfg = Debug|Any CPU
		{72B3F289-24F3-4B4A-8BDE-191D617AF55A}.Debug|Any CPU.Build.0 = Debug|Any CPU
		{72B3F289-24F3-4B4A-8BDE-191D617AF55A}.Release|Any CPU.ActiveCfg = Release|Any CPU
		{72B3F289-24F3-4B4A-8BDE-191D617AF55A}.Release|Any CPU.Build.0 = Release|Any CPU
		{1042AD33-B0B3-4AB1-84F7-56E18F8A6061}.Debug|Any CPU.ActiveCfg = Debug|Any CPU
		{1042AD33-B0B3-4AB1-84F7-56E18F8A6061}.Debug|Any CPU.Build.0 = Debug|Any CPU
		{1042AD33-B0B3-4AB1-84F7-56E18F8A6061}.Release|Any CPU.ActiveCfg = Release|Any CPU
		{1042AD33-B0B3-4AB1-84F7-56E18F8A6061}.Release|Any CPU.Build.0 = Release|Any CPU
		{188D4D73-4842-4237-9F19-009529E29208}.Debug|Any CPU.ActiveCfg = Debug|Any CPU
		{188D4D73-4842-4237-9F19-009529E29208}.Debug|Any CPU.Build.0 = Debug|Any CPU
		{188D4D73-4842-4237-9F19-009529E29208}.Release|Any CPU.ActiveCfg = Release|Any CPU
		{188D4D73-4842-4237-9F19-009529E29208}.Release|Any CPU.Build.0 = Release|Any CPU
		{AF09C1BC-3EA5-419A-8AA6-83CD753D8AE3}.Debug|Any CPU.ActiveCfg = Debug|Any CPU
		{AF09C1BC-3EA5-419A-8AA6-83CD753D8AE3}.Debug|Any CPU.Build.0 = Debug|Any CPU
		{AF09C1BC-3EA5-419A-8AA6-83CD753D8AE3}.Release|Any CPU.ActiveCfg = Release|Any CPU
		{AF09C1BC-3EA5-419A-8AA6-83CD753D8AE3}.Release|Any CPU.Build.0 = Release|Any CPU
		{DB40A7A7-CC46-4BF7-A6F8-F05353662AE0}.Debug|Any CPU.ActiveCfg = Debug|Any CPU
		{DB40A7A7-CC46-4BF7-A6F8-F05353662AE0}.Debug|Any CPU.Build.0 = Debug|Any CPU
		{DB40A7A7-CC46-4BF7-A6F8-F05353662AE0}.Release|Any CPU.ActiveCfg = Release|Any CPU
		{DB40A7A7-CC46-4BF7-A6F8-F05353662AE0}.Release|Any CPU.Build.0 = Release|Any CPU
		{92D3859D-B3E8-4908-A545-9D647D2BDCE1}.Debug|Any CPU.ActiveCfg = Debug|Any CPU
		{92D3859D-B3E8-4908-A545-9D647D2BDCE1}.Debug|Any CPU.Build.0 = Debug|Any CPU
		{92D3859D-B3E8-4908-A545-9D647D2BDCE1}.Release|Any CPU.ActiveCfg = Release|Any CPU
		{92D3859D-B3E8-4908-A545-9D647D2BDCE1}.Release|Any CPU.Build.0 = Release|Any CPU
		{0218EC78-0C41-4235-9439-17D14657BDBC}.Debug|Any CPU.ActiveCfg = Debug|Any CPU
		{0218EC78-0C41-4235-9439-17D14657BDBC}.Debug|Any CPU.Build.0 = Debug|Any CPU
		{0218EC78-0C41-4235-9439-17D14657BDBC}.Release|Any CPU.ActiveCfg = Release|Any CPU
		{0218EC78-0C41-4235-9439-17D14657BDBC}.Release|Any CPU.Build.0 = Release|Any CPU
		{055C0E44-38FA-4B1B-9E5E-E40D2574C7E6}.Debug|Any CPU.ActiveCfg = Debug|Any CPU
		{055C0E44-38FA-4B1B-9E5E-E40D2574C7E6}.Debug|Any CPU.Build.0 = Debug|Any CPU
		{055C0E44-38FA-4B1B-9E5E-E40D2574C7E6}.Release|Any CPU.ActiveCfg = Release|Any CPU
		{055C0E44-38FA-4B1B-9E5E-E40D2574C7E6}.Release|Any CPU.Build.0 = Release|Any CPU
		{45216617-DCD2-44D6-944A-C8C51C92AE53}.Debug|Any CPU.ActiveCfg = Debug|Any CPU
		{45216617-DCD2-44D6-944A-C8C51C92AE53}.Debug|Any CPU.Build.0 = Debug|Any CPU
		{45216617-DCD2-44D6-944A-C8C51C92AE53}.Release|Any CPU.ActiveCfg = Release|Any CPU
		{45216617-DCD2-44D6-944A-C8C51C92AE53}.Release|Any CPU.Build.0 = Release|Any CPU
		{FE19943A-29BD-40D4-9988-7B4E6CC45147}.Debug|Any CPU.ActiveCfg = Debug|Any CPU
		{FE19943A-29BD-40D4-9988-7B4E6CC45147}.Debug|Any CPU.Build.0 = Debug|Any CPU
		{FE19943A-29BD-40D4-9988-7B4E6CC45147}.Release|Any CPU.ActiveCfg = Release|Any CPU
		{FE19943A-29BD-40D4-9988-7B4E6CC45147}.Release|Any CPU.Build.0 = Release|Any CPU
		{8347D370-EC7F-4F69-A38E-E2699A08C802}.Debug|Any CPU.ActiveCfg = Debug|Any CPU
		{8347D370-EC7F-4F69-A38E-E2699A08C802}.Debug|Any CPU.Build.0 = Debug|Any CPU
		{8347D370-EC7F-4F69-A38E-E2699A08C802}.Release|Any CPU.ActiveCfg = Release|Any CPU
		{8347D370-EC7F-4F69-A38E-E2699A08C802}.Release|Any CPU.Build.0 = Release|Any CPU
		{ED22B6A5-C106-4062-8CBA-8AE655754F8E}.Debug|Any CPU.ActiveCfg = Debug|Any CPU
		{ED22B6A5-C106-4062-8CBA-8AE655754F8E}.Debug|Any CPU.Build.0 = Debug|Any CPU
		{ED22B6A5-C106-4062-8CBA-8AE655754F8E}.Release|Any CPU.ActiveCfg = Release|Any CPU
		{ED22B6A5-C106-4062-8CBA-8AE655754F8E}.Release|Any CPU.Build.0 = Release|Any CPU
		{112CEBFF-2F74-4FE5-9AEE-10BD63470F39}.Debug|Any CPU.ActiveCfg = Debug|Any CPU
		{112CEBFF-2F74-4FE5-9AEE-10BD63470F39}.Debug|Any CPU.Build.0 = Debug|Any CPU
		{112CEBFF-2F74-4FE5-9AEE-10BD63470F39}.Release|Any CPU.ActiveCfg = Release|Any CPU
		{112CEBFF-2F74-4FE5-9AEE-10BD63470F39}.Release|Any CPU.Build.0 = Release|Any CPU
		{D65979F9-3C73-4879-AEB1-512E64E77A6D}.Debug|Any CPU.ActiveCfg = Debug|Any CPU
		{D65979F9-3C73-4879-AEB1-512E64E77A6D}.Debug|Any CPU.Build.0 = Debug|Any CPU
		{D65979F9-3C73-4879-AEB1-512E64E77A6D}.Release|Any CPU.ActiveCfg = Release|Any CPU
		{D65979F9-3C73-4879-AEB1-512E64E77A6D}.Release|Any CPU.Build.0 = Release|Any CPU
	EndGlobalSection
	GlobalSection(SolutionProperties) = preSolution
		HideSolutionNode = FALSE
	EndGlobalSection
	GlobalSection(NestedProjects) = preSolution
		{5566CCD3-E9A1-4CEF-AA1B-D5955E22CCE5} = {50F638A6-6C5C-4E64-9513-C18E91AE3867}
		{EED84F71-BDF5-4C86-A5B6-07FEA9E6C22B} = {50F638A6-6C5C-4E64-9513-C18E91AE3867}
		{2C20E1B4-450F-4C8B-960B-DE8263E1C966} = {50F638A6-6C5C-4E64-9513-C18E91AE3867}
		{1338B768-453A-48FD-877A-89EFAA5EB135} = {50F638A6-6C5C-4E64-9513-C18E91AE3867}
		{DBA59184-D388-403B-975C-5E3C7D8E0E03} = {50F638A6-6C5C-4E64-9513-C18E91AE3867}
		{4525B256-2A71-45EB-8944-5921E812C8BB} = {50F638A6-6C5C-4E64-9513-C18E91AE3867}
		{9EA20615-C089-41F2-A31D-90A6C3379D05} = {50F638A6-6C5C-4E64-9513-C18E91AE3867}
		{BE64FD85-B2CD-4500-B87E-15ED52342AA0} = {50F638A6-6C5C-4E64-9513-C18E91AE3867}
		{7ACEBB2E-A526-4FC4-808E-2E516F571CAE} = {F7FCB5D6-986B-4E41-9274-CBB83F65DDB8}
		{44D0CF26-8381-4FAD-972F-3ED89EA29DC8} = {F7FCB5D6-986B-4E41-9274-CBB83F65DDB8}
		{A0C5CFA8-AC90-4C38-B458-46182E8516D0} = {F7FCB5D6-986B-4E41-9274-CBB83F65DDB8}
		{30D4102E-DD32-4C32-A8F7-83C405F034BD} = {F7FCB5D6-986B-4E41-9274-CBB83F65DDB8}
		{1949F03B-511F-4321-AB3F-A9956E59B10D} = {F7FCB5D6-986B-4E41-9274-CBB83F65DDB8}
		{F4C20792-4B60-40A4-BE0C-D26791090DD3} = {F7FCB5D6-986B-4E41-9274-CBB83F65DDB8}
		{1AED8AB9-B45A-474C-846E-4899A38D2AD0} = {F7FCB5D6-986B-4E41-9274-CBB83F65DDB8}
		{C2DB2947-C9B1-4BD2-8DB2-81BFA6120604} = {F7FCB5D6-986B-4E41-9274-CBB83F65DDB8}
		{05D82FE9-EAA6-4380-B4D1-801D8DFC16A0} = {091B9111-0C51-4166-A253-FCA65C859ED4}
		{72B3F289-24F3-4B4A-8BDE-191D617AF55A} = {091B9111-0C51-4166-A253-FCA65C859ED4}
		{1042AD33-B0B3-4AB1-84F7-56E18F8A6061} = {091B9111-0C51-4166-A253-FCA65C859ED4}
		{188D4D73-4842-4237-9F19-009529E29208} = {091B9111-0C51-4166-A253-FCA65C859ED4}
		{AF09C1BC-3EA5-419A-8AA6-83CD753D8AE3} = {091B9111-0C51-4166-A253-FCA65C859ED4}
		{DB40A7A7-CC46-4BF7-A6F8-F05353662AE0} = {091B9111-0C51-4166-A253-FCA65C859ED4}
		{92D3859D-B3E8-4908-A545-9D647D2BDCE1} = {091B9111-0C51-4166-A253-FCA65C859ED4}
		{0218EC78-0C41-4235-9439-17D14657BDBC} = {091B9111-0C51-4166-A253-FCA65C859ED4}
		{055C0E44-38FA-4B1B-9E5E-E40D2574C7E6} = {64F6C1AF-16E5-4415-B8F8-39B511939680}
		{45216617-DCD2-44D6-944A-C8C51C92AE53} = {64F6C1AF-16E5-4415-B8F8-39B511939680}
		{FE19943A-29BD-40D4-9988-7B4E6CC45147} = {64F6C1AF-16E5-4415-B8F8-39B511939680}
		{8347D370-EC7F-4F69-A38E-E2699A08C802} = {64F6C1AF-16E5-4415-B8F8-39B511939680}
		{ED22B6A5-C106-4062-8CBA-8AE655754F8E} = {64F6C1AF-16E5-4415-B8F8-39B511939680}
		{112CEBFF-2F74-4FE5-9AEE-10BD63470F39} = {64F6C1AF-16E5-4415-B8F8-39B511939680}
		{D65979F9-3C73-4879-AEB1-512E64E77A6D} = {64F6C1AF-16E5-4415-B8F8-39B511939680}
	EndGlobalSection
	GlobalSection(ExtensibilityGlobals) = postSolution
		SolutionGuid = {FF909277-5573-4CDB-9E12-90025EC2D48E}
	EndGlobalSection
EndGlobal
